# This file is automatically @generated by Cargo.
# It is not intended for manual editing.
version = 4

[[package]]
name = "firmware-rx-esp32"
version = "0.1.0"
dependencies = [
 "protocol-rover",
]

[[package]]
name = "firmware-tx-esp32"
version = "0.1.0"
dependencies = [
 "protocol-rover",
]

[[package]]
name = "hmi-gui"
version = "0.1.0"
dependencies = [
 "protocol-rover",
]

[[package]]
name = "protocol-rover"
version = "0.1.0"
